version = 1
requires-python = ">=3.11"

[[package]]
name = "apscheduler"
version = "3.11.0"
source = { registry = "https://pypi.org/simple" }
dependencies = [
    { name = "tzlocal" },
]
sdist = { url = "https://files.pythonhosted.org/packages/4e/00/6d6814ddc19be2df62c8c898c4df6b5b1914f3bd024b780028caa392d186/apscheduler-3.11.0.tar.gz", hash = "sha256:4c622d250b0955a65d5d0eb91c33e6d43fd879834bf541e0a18661ae60460133", size = 107347 }
wheels = [
    { url = "https://files.pythonhosted.org/packages/d0/ae/9a053dd9229c0fde6b1f1f33f609ccff1ee79ddda364c756a924c6d8563b/APScheduler-3.11.0-py3-none-any.whl", hash = "sha256:fc134ca32e50f5eadcc4938e3a4545ab19131435e851abb40b34d63d5141c6da", size = 64004 },
]

[[package]]
name = "dnspython"
version = "2.8.0"
source = { registry = "https://pypi.org/simple" }
sdist = { url = "https://files.pythonhosted.org/packages/8c/8b/57666417c0f90f08bcafa776861060426765fdb422eb10212086fb811d26/dnspython-2.8.0.tar.gz", hash = "sha256:181d3c6996452cb1189c4046c61599b84a5a86e099562ffde77d26984ff26d0f", size = 368251 }
wheels = [
    { url = "https://files.pythonhosted.org/packages/ba/5a/18ad964b0086c6e62e2e7500f7edc89e3faa45033c71c1893d34eed2b2de/dnspython-2.8.0-py3-none-any.whl", hash = "sha256:01d9bbc4a2d76bf0db7c1f729812ded6d912bd318d3b1cf81d30c0f845dbf3af", size = 331094 },
]

[[package]]
name = "pyaes"
version = "1.6.1"
source = { registry = "https://pypi.org/simple" }
sdist = { url = "https://files.pythonhosted.org/packages/44/66/2c17bae31c906613795711fc78045c285048168919ace2220daa372c7d72/pyaes-1.6.1.tar.gz", hash = "sha256:02c1b1405c38d3c370b085fb952dd8bea3fadcee6411ad99f312cc129c536d8f", size = 28536 }

[[package]]
name = "pymongo"
version = "4.15.2"
source = { registry = "https://pypi.org/simple" }
dependencies = [
    { name = "dnspython" },
]
sdist = { url = "https://files.pythonhosted.org/packages/5d/cf/587d7b0737c93ff1b2d777227e25777d8811bc694ca52046c1ae13f68070/pymongo-4.15.2.tar.gz", hash = "sha256:45103766c3f1bf1f5fc2da43a48dbe03a343389a334eb1d02ef39024957cdc91", size = 2470598 }
wheels = [
    { url = "https://files.pythonhosted.org/packages/e8/76/bc85dfe94df5d18fe700fe940237b8e99293a962f70ae81defd3b9e3725d/pymongo-4.15.2-cp311-cp311-macosx_10_9_x86_64.whl", hash = "sha256:69515e1042a2fb4fadf6384918be34703aa2c792b9a8d3d406ad43e07cb095a2", size = 865405 },
    { url = "https://files.pythonhosted.org/packages/fd/4e/45450af2eb5d8d19d53b6c8c6cc9325f5dcf9bb3da446472416686dd52e9/pymongo-4.15.2-cp311-cp311-macosx_11_0_arm64.whl", hash = "sha256:587202db4a64d5c091bc39695095af461a6a08b2a52ddd881a6e5cb34244d672", size = 865699 },
    { url = "https://files.pythonhosted.org/packages/ad/7a/de35dabd764933195b8c9288d733af462735cf8d90f66c1a689cb15570e9/pymongo-4.15.2-cp311-cp311-manylinux1_i686.manylinux_2_28_i686.manylinux_2_5_i686.whl", hash = "sha256:05b9eab3bc049f8fd150869375eff3a85ceab606531b6226b60f054daf7d1368", size = 1426367 },
    { url = "https://files.pythonhosted.org/packages/ba/ec/dc22e2f3c60a2680ff69399bbf9c30f9ea938933dd856a33b6c6b285a7e1/pymongo-4.15.2-cp311-cp311-manylinux2014_aarch64.manylinux_2_17_aarch64.manylinux_2_28_aarch64.whl", hash = "sha256:f736f1a6d85f3b1c182018ae0e6c387bb342935e3b97637c258b9b46e0509af2", size = 1453585 },
    { url = "https://files.pythonhosted.org/packages/26/d4/e34e56005e761c8c101f4b9e7b0e58842e631ea2bfa245e15d17e50ba2e5/pymongo-4.15.2-cp311-cp311-manylinux2014_ppc64le.manylinux_2_17_ppc64le.manylinux_2_28_ppc64le.whl", hash = "sha256:22ad78ac0222b8c5f5a28cdf6300cf19481fff193110506768c9915c8cd3396b", size = 1511454 },
    { url = "https://files.pythonhosted.org/packages/84/b6/9fbba5670464a4e3969dc66c60ab24b5083292888b22d3b0b09c2746e609/pymongo-4.15.2-cp311-cp311-manylinux2014_s390x.manylinux_2_17_s390x.manylinux_2_28_s390x.whl", hash = "sha256:75f6f8363a57ba8a6bb1076114dc9aa29336f525c8b621cc1e4cfccae4ff546a", size = 1497423 },
    { url = "https://files.pythonhosted.org/packages/a8/cd/0da070d21201bb633327172932e5346b86349aea8d7d05b4a195087f9c81/pymongo-4.15.2-cp311-cp311-manylinux2014_x86_64.manylinux_2_17_x86_64.manylinux_2_28_x86_64.whl", hash = "sha256:597dce90bc607b3180735a6692abcf75c111d7f6169b2b1cca1db85086ee980c", size = 1448959 },
    { url = "https://files.pythonhosted.org/packages/d7/37/c7d4f6191b28f8e00e7c0ad81ef5be80b073b3adbbaeb470168359763cc0/pymongo-4.15.2-cp311-cp311-win32.whl", hash = "sha256:a15ad3f11556a30e5dd86344567e85eb46550b09e0ea8d3297476788f0c76d77", size = 844325 },
    { url = "https://files.pythonhosted.org/packages/2d/13/b5b8fce3e38980ae63b9f01be11a258544d54e7d1946330098c2faa255a4/pymongo-4.15.2-cp311-cp311-win_amd64.whl", hash = "sha256:cedfd1be19c8f7b41a1f5fbaea299303087b5d40605e956ffbcfe2adc76de0ec", size = 858944 },
    { url = "https://files.pythonhosted.org/packages/0b/97/7802ad208936929d4a784483a150c73d75f86c18af94c755882ce2115ab8/pymongo-4.15.2-cp311-cp311-win_arm64.whl", hash = "sha256:a98f67df7aae325c0476aa453877475f9a1160f84b7e6e24e4804498ef99178e", size = 848296 },
    { url = "https://files.pythonhosted.org/packages/e7/8f/61c7abf92da7ab2d65a355754ab38c90587c2d49a8f5418d1b62efda2b1f/pymongo-4.15.2-cp312-cp312-macosx_10_13_x86_64.whl", hash = "sha256:d54b8139979e6e2ee6fec91b189e948ee2d83f125957793cf191c5e33be567e7", size = 920263 },
    { url = "https://files.pythonhosted.org/packages/1c/8f/72061803dd878dfb53e3c5f049f757dd955a9f05ac706e6ab6cf92b96443/pymongo-4.15.2-cp312-cp312-macosx_11_0_arm64.whl", hash = "sha256:1db14e952ceb574cb8acacf063040e2a6e9570bd50671fa903fb47adb7cf49cc", size = 919960 },
    { url = "https://files.pythonhosted.org/packages/6a/85/06837bca59751e1ff477f68df747b840e0880cf609aa0c9b3515c78b05e5/pymongo-4.15.2-cp312-cp312-manylinux1_i686.manylinux_2_28_i686.manylinux_2_5_i686.whl", hash = "sha256:a33e118e14bd350bef6127a000c8d08e6bade8b9045bcd70d09a665434035705", size = 1685317 },
    { url = "https://files.pythonhosted.org/packages/8a/ec/cb853f70e20537d52c0abbd303ed06c2609d883fdb38550f2a974d4e938a/pymongo-4.15.2-cp312-cp312-manylinux2014_aarch64.manylinux_2_17_aarch64.manylinux_2_28_aarch64.whl", hash = "sha256:2fad596a092ab9cd821c98d75b48dd6a9c3fc52df8b1453d2f10d8219676269a", size = 1721445 },
    { url = "https://files.pythonhosted.org/packages/74/fa/c9ba34caf0f2ed6a3e19fa480407c1d6fc499c36a10bb78434cfbf724f1a/pymongo-4.15.2-cp312-cp312-manylinux2014_ppc64le.manylinux_2_17_ppc64le.manylinux_2_28_ppc64le.whl", hash = "sha256:2daa9434828a5e5638b9d78f0031c9e19b5bc84ce9f5e69cf6083f58aa3e3901", size = 1795356 },
    { url = "https://files.pythonhosted.org/packages/96/2f/6f9eba4c864718ee77ce263d8d0533f5b10d890856c689e72dbbee4f102f/pymongo-4.15.2-cp312-cp312-manylinux2014_s390x.manylinux_2_17_s390x.manylinux_2_28_s390x.whl", hash = "sha256:a244e27c034707f48f979fdcebe0df47ea000fd52ee1b2b2d2d2cb5b7b0e24dd", size = 1780463 },
    { url = "https://files.pythonhosted.org/packages/49/9e/603cfbc874471bbf9cb5741cc9eaecf6a1dce98302094042b08008f94c50/pymongo-4.15.2-cp312-cp312-manylinux2014_x86_64.manylinux_2_17_x86_64.manylinux_2_28_x86_64.whl", hash = "sha256:de0c88d7229a96a5bfe2827170578bcd871ee16843c47e5cb3290edf1aaf62ca", size = 1713706 },
    { url = "https://files.pythonhosted.org/packages/8e/b0/1872a972e0b11131a199fa270f5ccfa772de6da8fee7230395e30380b6ed/pymongo-4.15.2-cp312-cp312-win32.whl", hash = "sha256:dece75a28450fa813040b13f7fbe80a614d02e04f7ff84255a2600c440bf227a", size = 891169 },
    { url = "https://files.pythonhosted.org/packages/85/9a/46e1ac4cb226efba9571206552eff6ceb91ea430f102df8e47b66c0f4e81/pymongo-4.15.2-cp312-cp312-win_amd64.whl", hash = "sha256:9fa833908d94b5869e6c9a53b778dc8235caca6fcda03aac8410b8f067cd8a6f", size = 910613 },
    { url = "https://files.pythonhosted.org/packages/29/14/9040761be52fe1fa63494024ab54e5257dc5791b5305464be12e4b301341/pymongo-4.15.2-cp312-cp312-win_arm64.whl", hash = "sha256:3ab5ba56b868c56a38cfeb3202ee78dcdd4152bc364d24b71aaf1ee3994c7f96", size = 896236 },
    { url = "https://files.pythonhosted.org/packages/21/cb/d3db977a546349637bea3abf442924ca2f6ebdf4863fa40fe95e90337ca5/pymongo-4.15.2-cp313-cp313-macosx_10_13_x86_64.whl", hash = "sha256:bf646006bfce5e153cc838adaee319ff8a3d625978d491208cc290e89f9c2a21", size = 974494 },
    { url = "https://files.pythonhosted.org/packages/26/d9/b13fda53e8c4552dc90fe22ca196e5089a3c6c9c65072d09ec25812691e6/pymongo-4.15.2-cp313-cp313-macosx_11_0_arm64.whl", hash = "sha256:b5fe426128a03393d2e7f10169e1f10cf6a6355f40876f52b51a03721c12e6e5", size = 974197 },
    { url = "https://files.pythonhosted.org/packages/1e/2e/534b52a064c1e417b9514008e056d6a70b7b1124ed14f4a7069d83bdadb1/pymongo-4.15.2-cp313-cp313-manylinux1_i686.manylinux_2_28_i686.manylinux_2_5_i686.whl", hash = "sha256:eb1423432631994d965e92ee63e448627d57793fd780c56c49570f12d4be1ff4", size = 1944230 },
    { url = "https://files.pythonhosted.org/packages/6c/b3/e56b7c19d2510438d667be3735dfd83ee1b2597edd572b29891662562053/pymongo-4.15.2-cp313-cp313-manylinux2014_aarch64.manylinux_2_17_aarch64.manylinux_2_28_aarch64.whl", hash = "sha256:a994b40542ba44748af9e382fd54e69428f40c1728ae06bc649c87a1135d1cfb", size = 1989108 },
    { url = "https://files.pythonhosted.org/packages/11/1d/a6bbcae660bcd03f65610e320ef1d151875c6eef3e272d8ceb115e66e8b7/pymongo-4.15.2-cp313-cp313-manylinux2014_ppc64le.manylinux_2_17_ppc64le.manylinux_2_28_ppc64le.whl", hash = "sha256:18bc73e47d21cabfde719d0cc5aa6b556856993397c9433d934089c86732e3d3", size = 2079206 },
    { url = "https://files.pythonhosted.org/packages/37/71/ff04c18ea7a54bb2f3b84563ad4169599ebeff57a87017c176f570a24134/pymongo-4.15.2-cp313-cp313-manylinux2014_s390x.manylinux_2_17_s390x.manylinux_2_28_s390x.whl", hash = "sha256:2968cf01e2257f2f5193aba259116c1e9e56f739a16eceef36e85a55edc91604", size = 2063351 },
    { url = "https://files.pythonhosted.org/packages/bb/ad/97cd74eb4a230829aefb3aec17cdad563d130cf41891a37791c0f0e30ccb/pymongo-4.15.2-cp313-cp313-manylinux2014_x86_64.manylinux_2_17_x86_64.manylinux_2_28_x86_64.whl", hash = "sha256:3fafe5ef96943ab9b837f89b6abe779951102bee44d21c743259d43cfc1d9f6e", size = 1978665 },
    { url = "https://files.pythonhosted.org/packages/cf/a8/3569abe29d2cdf355d51c1868bc5e1619a4b3f93b1e44a093958dd319fef/pymongo-4.15.2-cp313-cp313-win32.whl", hash = "sha256:a42ad84dfab44218f264e2d68b79e0e684c03c66fe8180a7961d6eb670eec4a3", size = 937993 },
    { url = "https://files.pythonhosted.org/packages/46/72/6227a40c9872592118937b561e932886c38e220156a9747f2025b9e479ac/pymongo-4.15.2-cp313-cp313-win_amd64.whl", hash = "sha256:5fa558bc6320e1183965db06e069973c9642b971a37729a8ae23c37f1c13ce21", size = 962225 },
    { url = "https://files.pythonhosted.org/packages/2f/cd/396a1a03cc3c99e327aea23ab3e0dde5e069f4d9279dc26c80604b2783c7/pymongo-4.15.2-cp313-cp313-win_arm64.whl", hash = "sha256:38785ba507a019edb742e333c6bf2fa3644043f1ce79ef4d20a4f7bb2180ee74", size = 944144 },
    { url = "https://files.pythonhosted.org/packages/e5/b8/9f58b93d4b5be4f65dd2744ee0a28aa40df79eaeee01bb0e49e5ecc95ad0/pymongo-4.15.2-cp314-cp314-macosx_10_13_x86_64.whl", hash = "sha256:3dc0ec9d78d4f28a24bd965e06c0a77459086522005aa199a8e4fc652ed1ce8e", size = 1028826 },
    { url = "https://files.pythonhosted.org/packages/04/59/098321efdbdf2cceeced41404f4debc77283bc5318052cb033395d868e70/pymongo-4.15.2-cp314-cp314-macosx_11_0_arm64.whl", hash = "sha256:f9d3bbb4741a6ab81dbcd73b0754725f304b118c4c738449639fd060ee8b5da9", size = 1028486 },
    { url = "https://files.pythonhosted.org/packages/c1/30/51d5269b70c86a981799ddbc5318ef73d954f262944520a24a821a19e0dc/pymongo-4.15.2-cp314-cp314-manylinux1_i686.manylinux_2_28_i686.manylinux_2_5_i686.whl", hash = "sha256:21b1d1d33bdbc87c1a082b747aa9ab40a30638c4e58e799d8fe9f5cb15feb38f", size = 2203353 },
    { url = "https://files.pythonhosted.org/packages/41/6e/3f0e258789aebe8b472d22e47c5f0ac8231a3e78042b1682208afcbf935a/pymongo-4.15.2-cp314-cp314-manylinux2014_aarch64.manylinux_2_17_aarch64.manylinux_2_28_aarch64.whl", hash = "sha256:ddf9face1dadf4cce4578dda29547ca2af6df09d44e7dd1bd6fe185f7c18dfc9", size = 2256978 },
    { url = "https://files.pythonhosted.org/packages/b1/d9/4f1ce4c98be23ec9da3845236c25343dc7d54df43249298e329428a446d7/pymongo-4.15.2-cp314-cp314-manylinux2014_ppc64le.manylinux_2_17_ppc64le.manylinux_2_28_ppc64le.whl", hash = "sha256:a4a0d3cf68f9bf84a7ee737ba0b29265cfeeaf586a856c6d7773491c545e5230", size = 2362327 },
    { url = "https://files.pythonhosted.org/packages/fe/e4/1eb05f84a89c776d591c30d82d361b37afe8d5191223b6b2130e789a534c/pymongo-4.15.2-cp314-cp314-manylinux2014_s390x.manylinux_2_17_s390x.manylinux_2_28_s390x.whl", hash = "sha256:7089a1f2d5883f5137f1c2766691db904741985bb7e7a400ed50c3b370507b17", size = 2343088 },
    { url = "https://files.pythonhosted.org/packages/9a/64/90ed1f6c965c1cc5fb127995f3af3c5f25aedc12e5cbb7dba8ac9434de33/pymongo-4.15.2-cp314-cp314-manylinux2014_x86_64.manylinux_2_17_x86_64.manylinux_2_28_x86_64.whl", hash = "sha256:05e96219d1acca15643042478103241771e46a3f5331bae3e19d2ea2756968b1", size = 2243085 },
    { url = "https://files.pythonhosted.org/packages/84/a4/830b6b389c12d34b03ad9f45d0016626c90de05196ddb2f9bf05acaf20d1/pymongo-4.15.2-cp314-cp314-win32.whl", hash = "sha256:780447f9112f0e57d821ced8d593657b45616f3821becb0740e6c0fc38b0e91e", size = 992749 },
    { url = "https://files.pythonhosted.org/packages/6f/36/9c283623d4c224d33f9e364bbdc0f0745ac5d22ff73b4a41b8724e7dd464/pymongo-4.15.2-cp314-cp314-win_amd64.whl", hash = "sha256:d9410537204bb9e83f1c5e43f6e5df2c0d3fe092dbd8d30bd883736818a6d786", size = 1020795 },
    { url = "https://files.pythonhosted.org/packages/3f/b2/208e58188cc84217dfefebdcfc3955f55c019df0ccb917f08497ab6fb1d8/pymongo-4.15.2-cp314-cp314-win_arm64.whl", hash = "sha256:29645a9a8166f20b3fc6aa05095af6caf8ee9af9a4cf23cd857576084e29cc9c", size = 1000362 },
    { url = "https://files.pythonhosted.org/packages/91/79/e55708e705ac9f25489894f70740c8c60afb050a30bbe7009861bc9919b7/pymongo-4.15.2-cp314-cp314t-macosx_10_13_x86_64.whl", hash = "sha256:76c1c013bc577c7fb2c9a69d52ee335672eac1bdbfb9c37a432bb155bc69ffdc", size = 1085288 },
    { url = "https://files.pythonhosted.org/packages/d0/8b/d7da6fb14f69c0fa510651889ed6870e9c5e287ad028c97e26d4bd2cf226/pymongo-4.15.2-cp314-cp314t-macosx_11_0_arm64.whl", hash = "sha256:7466840413fbd23605e9f95b702374b061525e85ea7f47dca6a88981455490ec", size = 1085297 },
    { url = "https://files.pythonhosted.org/packages/2d/be/5c112313539d26166e914d719346172086a2df750ae9a2423107397804b6/pymongo-4.15.2-cp314-cp314t-manylinux1_i686.manylinux_2_28_i686.manylinux_2_5_i686.whl", hash = "sha256:f03716cfd4c86e3a8537ab8e1169cec26d532cc70fcd02e30027820ac587d28b", size = 2520808 },
    { url = "https://files.pythonhosted.org/packages/ff/04/d00a2cbf3a96da878d4d3eb459fd87bbf8b49b40c2f46b6acdb38afee81d/pymongo-4.15.2-cp314-cp314t-manylinux2014_aarch64.manylinux_2_17_aarch64.manylinux_2_28_aarch64.whl", hash = "sha256:f5bfbde2ccc88b96d56cdc6bd104b856d9b039aa209b491311f8012e611d9f58", size = 2593741 },
    { url = "https://files.pythonhosted.org/packages/d9/f6/467a9f0fd5d7b838c58ab01b4dd1ebad3933d4323a659b19ebe4a1b435a5/pymongo-4.15.2-cp314-cp314t-manylinux2014_ppc64le.manylinux_2_17_ppc64le.manylinux_2_28_ppc64le.whl", hash = "sha256:0ad7ec297e8999b0f984c998e2c1c605f11e9b8c7682256bbbc53c24a195f76e", size = 2713498 },
    { url = "https://files.pythonhosted.org/packages/39/0e/b306750b01cf87b50b6ffd28734056d93e0b973f66092d681c079739fcea/pymongo-4.15.2-cp314-cp314t-manylinux2014_s390x.manylinux_2_17_s390x.manylinux_2_28_s390x.whl", hash = "sha256:338b29d89f92c665a1038d53c7cc68869e2a04e171dd4fb2d416d7ad263dc50a", size = 2693584 },
    { url = "https://files.pythonhosted.org/packages/04/bb/6fa3620dcf3ce11ed9bff111db8007d153f916c4df4272fdf4330a5094db/pymongo-4.15.2-cp314-cp314t-manylinux2014_x86_64.manylinux_2_17_x86_64.manylinux_2_28_x86_64.whl", hash = "sha256:50325282876a263ece78371319e78518dd034e434c11e3ab12402547292b8fd5", size = 2571570 },
    { url = "https://files.pythonhosted.org/packages/ec/d1/e7272f9e7b03c696661f15ba43b7475f2020edfac68cbed3eace8aa0f39a/pymongo-4.15.2-cp314-cp314t-win32.whl", hash = "sha256:c95a8d0ca11d16e325749fbd9f7d9aeb9a90241245e419007a941f446ff94dd6", size = 1043733 },
    { url = "https://files.pythonhosted.org/packages/f4/53/e2406011e61826e4ea0e8da9da414b7f94bc7102368cf61e03c4de6dcd90/pymongo-4.15.2-cp314-cp314t-win_amd64.whl", hash = "sha256:1f2af4b98fc6d54489d187c0faa12bfbf0ef6c56c3e735eeb837ac8ff235b490", size = 1077981 },
    { url = "https://files.pythonhosted.org/packages/19/99/f8fc04ae46fbf721b2935c59f3542810e72f50a4cb5b8aa092b6246a643f/pymongo-4.15.2-cp314-cp314t-win_arm64.whl", hash = "sha256:2c816a9e9d4aaaa0e4e9fb2534b72957666d262f3ce874a0408f8b925cfd4d99", size = 1050833 },
]

[[package]]
name = "pyrogram"
version = "2.0.106"
source = { registry = "https://pypi.org/simple" }
dependencies = [
    { name = "pyaes" },
    { name = "pysocks" },
]
sdist = { url = "https://files.pythonhosted.org/packages/c8/8e/5d09eca17271320bb9a95e50b7e053770aee85b3fd338e8267e7b6b280ae/Pyrogram-2.0.106.tar.gz", hash = "sha256:30202995758fcb6e0f91224704ab7fedefea454297724bd70a6a71a23748c16f", size = 345997 }
wheels = [
    { url = "https://files.pythonhosted.org/packages/37/88/502ec24914d208e06baa6f27ff812f46815bb4f302018ad848ebf518abdf/Pyrogram-2.0.106-py3-none-any.whl", hash = "sha256:32b62b3d93030b1080cbe45b88c0e8790cf4e2179cf3321ede810d48edf97bc7", size = 3573685 },
]

[[package]]
name = "pysocks"
version = "1.7.1"
source = { registry = "https://pypi.org/simple" }
sdist = { url = "https://files.pythonhosted.org/packages/bd/11/293dd436aea955d45fc4e8a35b6ae7270f5b8e00b53cf6c024c83b657a11/PySocks-1.7.1.tar.gz", hash = "sha256:3f8804571ebe159c380ac6de37643bb4685970655d3bba243530d6558b799aa0", size = 284429 }
wheels = [
    { url = "https://files.pythonhosted.org/packages/8d/59/b4572118e098ac8e46e399a1dd0f2d85403ce8bbaad9ec79373ed6badaf9/PySocks-1.7.1-py3-none-any.whl", hash = "sha256:2725bd0a9925919b9b51739eea5f9e2bae91e83288108a9ad338b2e3a4435ee5", size = 16725 },
]

[[package]]
name = "python-dotenv"
version = "1.1.1"
source = { registry = "https://pypi.org/simple" }
sdist = { url = "https://files.pythonhosted.org/packages/f6/b0/4bc07ccd3572a2f9df7e6782f52b0c6c90dcbb803ac4a167702d7d0dfe1e/python_dotenv-1.1.1.tar.gz", hash = "sha256:a8a6399716257f45be6a007360200409fce5cda2661e3dec71d23dc15f6189ab", size = 41978 }
wheels = [
    { url = "https://files.pythonhosted.org/packages/5f/ed/539768cf28c661b5b068d66d96a2f155c4971a5d55684a514c1a0e0dec2f/python_dotenv-1.1.1-py3-none-any.whl", hash = "sha256:31f23644fe2602f88ff55e1f5c79ba497e01224ee7737937930c448e4d0e24dc", size = 20556 },
]

[[package]]
name = "repl-nix-workspace"
version = "0.1.0"
source = { virtual = "." }
dependencies = [
    { name = "apscheduler" },
    { name = "pymongo" },
    { name = "pyrogram" },
    { name = "python-dotenv" },
]

[package.metadata]
requires-dist = [
    { name = "apscheduler", specifier = ">=3.11.0" },
    { name = "pymongo", specifier = ">=4.15.2" },
    { name = "pyrogram", specifier = ">=2.0.106" },
    { name = "python-dotenv", specifier = ">=1.1.1" },
]

[[package]]
name = "tzdata"
version = "2025.2"
source = { registry = "https://pypi.org/simple" }
sdist = { url = "https://files.pythonhosted.org/packages/95/32/1a225d6164441be760d75c2c42e2780dc0873fe382da3e98a2e1e48361e5/tzdata-2025.2.tar.gz", hash = "sha256:b60a638fcc0daffadf82fe0f57e53d06bdec2f36c4df66280ae79bce6bd6f2b9", size = 196380 }
wheels = [
    { url = "https://files.pythonhosted.org/packages/5c/23/c7abc0ca0a1526a0774eca151daeb8de62ec457e77262b66b359c3c7679e/tzdata-2025.2-py2.py3-none-any.whl", hash = "sha256:1a403fada01ff9221ca8044d701868fa132215d84beb92242d9acd2147f667a8", size = 347839 },
]

[[package]]
name = "tzlocal"
version = "5.3.1"
source = { registry = "https://pypi.org/simple" }
dependencies = [
    { name = "tzdata", marker = "sys_platform == 'win32'" },
]
sdist = { url = "https://files.pythonhosted.org/packages/8b/2e/c14812d3d4d9cd1773c6be938f89e5735a1f11a9f184ac3639b93cef35d5/tzlocal-5.3.1.tar.gz", hash = "sha256:cceffc7edecefea1f595541dbd6e990cb1ea3d19bf01b2809f362a03dd7921fd", size = 30761 }
wheels = [
    { url = "https://files.pythonhosted.org/packages/c2/14/e2a54fabd4f08cd7af1c07030603c3356b74da07f7cc056e600436edfa17/tzlocal-5.3.1-py3-none-any.whl", hash = "sha256:eb1a66c3ef5847adf7a834f1be0800581b683b5608e74f86ecbcef8ab91bb85d", size = 18026 },
]
